PODS:
  - Flutter (1.0.0)
  - flutter_wxwork (0.0.3):
    - Flutter
  - image_picker_ios (0.0.1):
    - Flutter
  - integration_test (0.0.1):
    - Flutter

DEPENDENCIES:
  - Flutter (from `Flutter`)
  - flutter_wxwork (from `.symlinks/plugins/flutter_wxwork/ios`)
  - image_picker_ios (from `.symlinks/plugins/image_picker_ios/ios`)
  - integration_test (from `.symlinks/plugins/integration_test/ios`)

EXTERNAL SOURCES:
  Flutter:
    :path: Flutter
  flutter_wxwork:
    :path: ".symlinks/plugins/flutter_wxwork/ios"
  image_picker_ios:
    :path: ".symlinks/plugins/image_picker_ios/ios"
  integration_test:
    :path: ".symlinks/plugins/integration_test/ios"

SPEC CHECKSUMS:
  Flutter: e0871f40cf51350855a761d2e70bf5af5b9b5de7
  flutter_wxwork: 9aacf5f63932a6f2223b24d636cfb434d346e52a
  image_picker_ios: c560581cceedb403a6ff17f2f816d7fea1421fc1
  integration_test: ce0a3ffa1de96d1a89ca0ac26fca7ea18a749ef4

PODFILE CHECKSUM: 6e700dec67e6deac9b1c69bb14c49a2217a12d15

COCOAPODS: 1.15.2
